using System;
using System.Collections.Generic;
using System.Linq;
using System.Security.AccessControl;
using System.Security.Cryptography.X509Certificates;
using System.Text;
using System.Threading.Tasks;

namespace Arrays
{
    internal class Program
    {
      public static void Main(string[] args)
        {
           
           
            Random rnd = new Random();
            int[,] a = new int[20, 50];

            for (int y = 0; y < 20; y ++)
            {
             


                for (int x = 0; x < 50; x++)
                {

                   if (1+x%2 != 0)
                    {
                        if (1+y%2 == 1) { 
                        

                            a[y, x] = 1;

                             }
                        
                    }

                  
                }



            }

            
            for (int x = 0; x < 50; x++)
                {
                    for (int y =0; y < 20; y++) 
                     {
                   

                        Console.Write(a[y,x]+" ");




                               }






                            }


            Console.ReadKey();
            
            
        }
    
    }

}
